Microsoft Visual Studio Solution File, Format Version 12.00
# Visual Studio Version 16
VisualStudioVersion = 16.0.30204.135
MinimumVisualStudioVersion = 10.0.40219.1
Project("{9A19103F-16F7-4668-BE54-9A1E7A4F7556}") = "Microcharts", "Microcharts\Microcharts.csproj", "{DE24E243-1C2C-4923-8B2E-53F7B2ABC814}"
EndProject
Project("{FAE04EC0-301F-11D3-BF4B-00C04F79EFBC}") = "Microcharts.iOS", "Microcharts.iOS\Microcharts.iOS.csproj", "{8657B9BF-9D8E-4D3A-A5B2-23E9C0161909}"
EndProject
Project("{FAE04EC0-301F-11D3-BF4B-00C04F79EFBC}") = "Microcharts.Droid", "Microcharts.Droid\Microcharts.Droid.csproj", "{18125022-45E6-46EC-855C-B36E4D41484D}"
EndProject
Project("{FAE04EC0-301F-11D3-BF4B-00C04F79EFBC}") = "Microcharts.Uwp", "Microcharts.Uwp\Microcharts.Uwp.csproj", "{4E28FCDE-60F6-45AE-B444-701D5F30BEFF}"
EndProject
Project("{D954291E-2A0B-460D-934E-DC6B0785DB48}") = "Microcharts.Shared", "Microcharts.Shared\Microcharts.Shared.shproj", "{818A5879-1440-4B4E-B132-8DF4CBBE0B7B}"
EndProject
Project("{2150E333-8FDC-42A3-9474-1A3956D46DE8}") = "Forms", "Forms", "{3D966807-08D2-47A6-94C2-93B0A8AF2ECE}"
EndProject
Project("{2150E333-8FDC-42A3-9474-1A3956D46DE8}") = "Platforms", "Platforms", "{4FF9B02F-4870-4B6E-B075-BE1D0C3976A1}"
EndProject
Project("{FAE04EC0-301F-11D3-BF4B-00C04F79EFBC}") = "Microcharts.macOS", "Microcharts.macOS\Microcharts.macOS.csproj", "{5F02212C-95CB-42A3-850F-C076267BB5DC}"
EndProject
Project("{9A19103F-16F7-4668-BE54-9A1E7A4F7556}") = "Microcharts.Forms", "Microcharts.Forms\Microcharts.Forms.csproj", "{EEF8A375-D304-48D1-BF66-29A442C708A1}"
EndProject
Project("{2150E333-8FDC-42A3-9474-1A3956D46DE8}") = "ChartSample", "ChartSample", "{4153EC74-8FE1-4BEF-9286-583F1BA5B2D0}"
EndProject
Project("{FAE04EC0-301F-11D3-BF4B-00C04F79EFBC}") = "ChartSampleApp.Android", "ChartSampleApp\ChartSampleApp.Android\ChartSampleApp.Android.csproj", "{AA7A5988-D1BB-4FF1-8CCF-FF123A3A37DC}"
EndProject
Project("{FAE04EC0-301F-11D3-BF4B-00C04F79EFBC}") = "ChartSampleApp.iOS", "ChartSampleApp\ChartSampleApp.iOS\ChartSampleApp.iOS.csproj", "{0F52687A-ADCB-47BF-B8C8-062F26CFD6ED}"
EndProject
Project("{FAE04EC0-301F-11D3-BF4B-00C04F79EFBC}") = "ChartSampleApp", "ChartSampleApp\ChartSampleApp\ChartSampleApp.csproj", "{BA76B9D3-757A-46F9-9913-A46C47CA8EB3}"
EndProject
Global
	GlobalSection(SharedMSBuildProjectFiles) = preSolution
		Microcharts.Shared\Microcharts.Shared.projitems*{818a5879-1440-4b4e-b132-8df4cbbe0b7b}*SharedItemsImports = 13
		Microcharts.Shared\Microcharts.Shared.projitems*{de24e243-1c2c-4923-8b2e-53f7b2abc814}*SharedItemsImports = 5
	EndGlobalSection
	GlobalSection(SolutionConfigurationPlatforms) = preSolution
		Debug|Any CPU = Debug|Any CPU
		Debug|ARM = Debug|ARM
		Debug|iPhone = Debug|iPhone
		Debug|iPhoneSimulator = Debug|iPhoneSimulator
		Debug|x64 = Debug|x64
		Debug|x86 = Debug|x86
		Release|Any CPU = Release|Any CPU
		Release|ARM = Release|ARM
		Release|iPhone = Release|iPhone
		Release|iPhoneSimulator = Release|iPhoneSimulator
		Release|x64 = Release|x64
		Release|x86 = Release|x86
	EndGlobalSection
	GlobalSection(ProjectConfigurationPlatforms) = postSolution
		{DE24E243-1C2C-4923-8B2E-53F7B2ABC814}.Debug|Any CPU.ActiveCfg = Debug|Any CPU
		{DE24E243-1C2C-4923-8B2E-53F7B2ABC814}.Debug|Any CPU.Build.0 = Debug|Any CPU
		{DE24E243-1C2C-4923-8B2E-53F7B2ABC814}.Debug|ARM.ActiveCfg = Debug|Any CPU
		{DE24E243-1C2C-4923-8B2E-53F7B2ABC814}.Debug|ARM.Build.0 = Debug|Any CPU
		{DE24E243-1C2C-4923-8B2E-53F7B2ABC814}.Debug|iPhone.ActiveCfg = Debug|Any CPU
		{DE24E243-1C2C-4923-8B2E-53F7B2ABC814}.Debug|iPhone.Build.0 = Debug|Any CPU
		{DE24E243-1C2C-4923-8B2E-53F7B2ABC814}.Debug|iPhoneSimulator.ActiveCfg = Debug|Any CPU
		{DE24E243-1C2C-4923-8B2E-53F7B2ABC814}.Debug|iPhoneSimulator.Build.0 = Debug|Any CPU
		{DE24E243-1C2C-4923-8B2E-53F7B2ABC814}.Debug|x64.ActiveCfg = Debug|Any CPU
		{DE24E243-1C2C-4923-8B2E-53F7B2ABC814}.Debug|x64.Build.0 = Debug|Any CPU
		{DE24E243-1C2C-4923-8B2E-53F7B2ABC814}.Debug|x86.ActiveCfg = Debug|Any CPU
		{DE24E243-1C2C-4923-8B2E-53F7B2ABC814}.Debug|x86.Build.0 = Debug|Any CPU
		{DE24E243-1C2C-4923-8B2E-53F7B2ABC814}.Release|Any CPU.ActiveCfg = Release|Any CPU
		{DE24E243-1C2C-4923-8B2E-53F7B2ABC814}.Release|Any CPU.Build.0 = Release|Any CPU
		{DE24E243-1C2C-4923-8B2E-53F7B2ABC814}.Release|ARM.ActiveCfg = Release|Any CPU
		{DE24E243-1C2C-4923-8B2E-53F7B2ABC814}.Release|ARM.Build.0 = Release|Any CPU
		{DE24E243-1C2C-4923-8B2E-53F7B2ABC814}.Release|iPhone.ActiveCfg = Release|Any CPU
		{DE24E243-1C2C-4923-8B2E-53F7B2ABC814}.Release|iPhone.Build.0 = Release|Any CPU
		{DE24E243-1C2C-4923-8B2E-53F7B2ABC814}.Release|iPhoneSimulator.ActiveCfg = Release|Any CPU
		{DE24E243-1C2C-4923-8B2E-53F7B2ABC814}.Release|iPhoneSimulator.Build.0 = Release|Any CPU
		{DE24E243-1C2C-4923-8B2E-53F7B2ABC814}.Release|x64.ActiveCfg = Release|Any CPU
		{DE24E243-1C2C-4923-8B2E-53F7B2ABC814}.Release|x64.Build.0 = Release|Any CPU
		{DE24E243-1C2C-4923-8B2E-53F7B2ABC814}.Release|x86.ActiveCfg = Release|Any CPU
		{DE24E243-1C2C-4923-8B2E-53F7B2ABC814}.Release|x86.Build.0 = Release|Any CPU
		{8657B9BF-9D8E-4D3A-A5B2-23E9C0161909}.Debug|Any CPU.ActiveCfg = Debug|Any CPU
		{8657B9BF-9D8E-4D3A-A5B2-23E9C0161909}.Debug|Any CPU.Build.0 = Debug|Any CPU
		{8657B9BF-9D8E-4D3A-A5B2-23E9C0161909}.Debug|ARM.ActiveCfg = Debug|Any CPU
		{8657B9BF-9D8E-4D3A-A5B2-23E9C0161909}.Debug|ARM.Build.0 = Debug|Any CPU
		{8657B9BF-9D8E-4D3A-A5B2-23E9C0161909}.Debug|iPhone.ActiveCfg = Debug|Any CPU
		{8657B9BF-9D8E-4D3A-A5B2-23E9C0161909}.Debug|iPhone.Build.0 = Debug|Any CPU
		{8657B9BF-9D8E-4D3A-A5B2-23E9C0161909}.Debug|iPhoneSimulator.ActiveCfg = Debug|Any CPU
		{8657B9BF-9D8E-4D3A-A5B2-23E9C0161909}.Debug|iPhoneSimulator.Build.0 = Debug|Any CPU
		{8657B9BF-9D8E-4D3A-A5B2-23E9C0161909}.Debug|x64.ActiveCfg = Debug|Any CPU
		{8657B9BF-9D8E-4D3A-A5B2-23E9C0161909}.Debug|x64.Build.0 = Debug|Any CPU
		{8657B9BF-9D8E-4D3A-A5B2-23E9C0161909}.Debug|x86.ActiveCfg = Debug|Any CPU
		{8657B9BF-9D8E-4D3A-A5B2-23E9C0161909}.Debug|x86.Build.0 = Debug|Any CPU
		{8657B9BF-9D8E-4D3A-A5B2-23E9C0161909}.Release|Any CPU.ActiveCfg = Release|Any CPU
		{8657B9BF-9D8E-4D3A-A5B2-23E9C0161909}.Release|Any CPU.Build.0 = Release|Any CPU
		{8657B9BF-9D8E-4D3A-A5B2-23E9C0161909}.Release|ARM.ActiveCfg = Release|Any CPU
		{8657B9BF-9D8E-4D3A-A5B2-23E9C0161909}.Release|ARM.Build.0 = Release|Any CPU
		{8657B9BF-9D8E-4D3A-A5B2-23E9C0161909}.Release|iPhone.ActiveCfg = Release|Any CPU
		{8657B9BF-9D8E-4D3A-A5B2-23E9C0161909}.Release|iPhone.Build.0 = Release|Any CPU
		{8657B9BF-9D8E-4D3A-A5B2-23E9C0161909}.Release|iPhoneSimulator.ActiveCfg = Release|Any CPU
		{8657B9BF-9D8E-4D3A-A5B2-23E9C0161909}.Release|iPhoneSimulator.Build.0 = Release|Any CPU
		{8657B9BF-9D8E-4D3A-A5B2-23E9C0161909}.Release|x64.ActiveCfg = Release|Any CPU
		{8657B9BF-9D8E-4D3A-A5B2-23E9C0161909}.Release|x64.Build.0 = Release|Any CPU
		{8657B9BF-9D8E-4D3A-A5B2-23E9C0161909}.Release|x86.ActiveCfg = Release|Any CPU
		{8657B9BF-9D8E-4D3A-A5B2-23E9C0161909}.Release|x86.Build.0 = Release|Any CPU
		{18125022-45E6-46EC-855C-B36E4D41484D}.Debug|Any CPU.ActiveCfg = Debug|Any CPU
		{18125022-45E6-46EC-855C-B36E4D41484D}.Debug|Any CPU.Build.0 = Debug|Any CPU
		{18125022-45E6-46EC-855C-B36E4D41484D}.Debug|ARM.ActiveCfg = Debug|Any CPU
		{18125022-45E6-46EC-855C-B36E4D41484D}.Debug|ARM.Build.0 = Debug|Any CPU
		{18125022-45E6-46EC-855C-B36E4D41484D}.Debug|iPhone.ActiveCfg = Debug|Any CPU
		{18125022-45E6-46EC-855C-B36E4D41484D}.Debug|iPhone.Build.0 = Debug|Any CPU
		{18125022-45E6-46EC-855C-B36E4D41484D}.Debug|iPhoneSimulator.ActiveCfg = Debug|Any CPU
		{18125022-45E6-46EC-855C-B36E4D41484D}.Debug|iPhoneSimulator.Build.0 = Debug|Any CPU
		{18125022-45E6-46EC-855C-B36E4D41484D}.Debug|x64.ActiveCfg = Debug|Any CPU
		{18125022-45E6-46EC-855C-B36E4D41484D}.Debug|x64.Build.0 = Debug|Any CPU
		{18125022-45E6-46EC-855C-B36E4D41484D}.Debug|x86.ActiveCfg = Debug|Any CPU
		{18125022-45E6-46EC-855C-B36E4D41484D}.Debug|x86.Build.0 = Debug|Any CPU
		{18125022-45E6-46EC-855C-B36E4D41484D}.Release|Any CPU.ActiveCfg = Release|Any CPU
		{18125022-45E6-46EC-855C-B36E4D41484D}.Release|Any CPU.Build.0 = Release|Any CPU
		{18125022-45E6-46EC-855C-B36E4D41484D}.Release|ARM.ActiveCfg = Release|Any CPU
		{18125022-45E6-46EC-855C-B36E4D41484D}.Release|ARM.Build.0 = Release|Any CPU
		{18125022-45E6-46EC-855C-B36E4D41484D}.Release|iPhone.ActiveCfg = Release|Any CPU
		{18125022-45E6-46EC-855C-B36E4D41484D}.Release|iPhone.Build.0 = Release|Any CPU
		{18125022-45E6-46EC-855C-B36E4D41484D}.Release|iPhoneSimulator.ActiveCfg = Release|Any CPU
		{18125022-45E6-46EC-855C-B36E4D41484D}.Release|iPhoneSimulator.Build.0 = Release|Any CPU
		{18125022-45E6-46EC-855C-B36E4D41484D}.Release|x64.ActiveCfg = Release|Any CPU
		{18125022-45E6-46EC-855C-B36E4D41484D}.Release|x64.Build.0 = Release|Any CPU
		{18125022-45E6-46EC-855C-B36E4D41484D}.Release|x86.ActiveCfg = Release|Any CPU
		{18125022-45E6-46EC-855C-B36E4D41484D}.Release|x86.Build.0 = Release|Any CPU
		{4E28FCDE-60F6-45AE-B444-701D5F30BEFF}.Debug|Any CPU.ActiveCfg = Debug|Any CPU
		{4E28FCDE-60F6-45AE-B444-701D5F30BEFF}.Debug|Any CPU.Build.0 = Debug|Any CPU
		{4E28FCDE-60F6-45AE-B444-701D5F30BEFF}.Debug|ARM.ActiveCfg = Debug|ARM
		{4E28FCDE-60F6-45AE-B444-701D5F30BEFF}.Debug|ARM.Build.0 = Debug|ARM
		{4E28FCDE-60F6-45AE-B444-701D5F30BEFF}.Debug|iPhone.ActiveCfg = Debug|Any CPU
		{4E28FCDE-60F6-45AE-B444-701D5F30BEFF}.Debug|iPhone.Build.0 = Debug|Any CPU
		{4E28FCDE-60F6-45AE-B444-701D5F30BEFF}.Debug|iPhoneSimulator.ActiveCfg = Debug|Any CPU
		{4E28FCDE-60F6-45AE-B444-701D5F30BEFF}.Debug|iPhoneSimulator.Build.0 = Debug|Any CPU
		{4E28FCDE-60F6-45AE-B444-701D5F30BEFF}.Debug|x64.ActiveCfg = Debug|x64
		{4E28FCDE-60F6-45AE-B444-701D5F30BEFF}.Debug|x64.Build.0 = Debug|x64
		{4E28FCDE-60F6-45AE-B444-701D5F30BEFF}.Debug|x86.ActiveCfg = Debug|x86
		{4E28FCDE-60F6-45AE-B444-701D5F30BEFF}.Debug|x86.Build.0 = Debug|x86
		{4E28FCDE-60F6-45AE-B444-701D5F30BEFF}.Release|Any CPU.ActiveCfg = Release|Any CPU
		{4E28FCDE-60F6-45AE-B444-701D5F30BEFF}.Release|Any CPU.Build.0 = Release|Any CPU
		{4E28FCDE-60F6-45AE-B444-701D5F30BEFF}.Release|ARM.ActiveCfg = Release|ARM
		{4E28FCDE-60F6-45AE-B444-701D5F30BEFF}.Release|ARM.Build.0 = Release|ARM
		{4E28FCDE-60F6-45AE-B444-701D5F30BEFF}.Release|iPhone.ActiveCfg = Release|Any CPU
		{4E28FCDE-60F6-45AE-B444-701D5F30BEFF}.Release|iPhone.Build.0 = Release|Any CPU
		{4E28FCDE-60F6-45AE-B444-701D5F30BEFF}.Release|iPhoneSimulator.ActiveCfg = Release|Any CPU
		{4E28FCDE-60F6-45AE-B444-701D5F30BEFF}.Release|iPhoneSimulator.Build.0 = Release|Any CPU
		{4E28FCDE-60F6-45AE-B444-701D5F30BEFF}.Release|x64.ActiveCfg = Release|x64
		{4E28FCDE-60F6-45AE-B444-701D5F30BEFF}.Release|x64.Build.0 = Release|x64
		{4E28FCDE-60F6-45AE-B444-701D5F30BEFF}.Release|x86.ActiveCfg = Release|x86
		{4E28FCDE-60F6-45AE-B444-701D5F30BEFF}.Release|x86.Build.0 = Release|x86
		{5F02212C-95CB-42A3-850F-C076267BB5DC}.Debug|Any CPU.ActiveCfg = Debug|Any CPU
		{5F02212C-95CB-42A3-850F-C076267BB5DC}.Debug|Any CPU.Build.0 = Debug|Any CPU
		{5F02212C-95CB-42A3-850F-C076267BB5DC}.Debug|ARM.ActiveCfg = Debug|Any CPU
		{5F02212C-95CB-42A3-850F-C076267BB5DC}.Debug|ARM.Build.0 = Debug|Any CPU
		{5F02212C-95CB-42A3-850F-C076267BB5DC}.Debug|iPhone.ActiveCfg = Debug|Any CPU
		{5F02212C-95CB-42A3-850F-C076267BB5DC}.Debug|iPhone.Build.0 = Debug|Any CPU
		{5F02212C-95CB-42A3-850F-C076267BB5DC}.Debug|iPhoneSimulator.ActiveCfg = Debug|Any CPU
		{5F02212C-95CB-42A3-850F-C076267BB5DC}.Debug|iPhoneSimulator.Build.0 = Debug|Any CPU
		{5F02212C-95CB-42A3-850F-C076267BB5DC}.Debug|x64.ActiveCfg = Debug|Any CPU
		{5F02212C-95CB-42A3-850F-C076267BB5DC}.Debug|x64.Build.0 = Debug|Any CPU
		{5F02212C-95CB-42A3-850F-C076267BB5DC}.Debug|x86.ActiveCfg = Debug|Any CPU
		{5F02212C-95CB-42A3-850F-C076267BB5DC}.Debug|x86.Build.0 = Debug|Any CPU
		{5F02212C-95CB-42A3-850F-C076267BB5DC}.Release|Any CPU.ActiveCfg = Release|Any CPU
		{5F02212C-95CB-42A3-850F-C076267BB5DC}.Release|Any CPU.Build.0 = Release|Any CPU
		{5F02212C-95CB-42A3-850F-C076267BB5DC}.Release|ARM.ActiveCfg = Release|Any CPU
		{5F02212C-95CB-42A3-850F-C076267BB5DC}.Release|ARM.Build.0 = Release|Any CPU
		{5F02212C-95CB-42A3-850F-C076267BB5DC}.Release|iPhone.ActiveCfg = Release|Any CPU
		{5F02212C-95CB-42A3-850F-C076267BB5DC}.Release|iPhone.Build.0 = Release|Any CPU
		{5F02212C-95CB-42A3-850F-C076267BB5DC}.Release|iPhoneSimulator.ActiveCfg = Release|Any CPU
		{5F02212C-95CB-42A3-850F-C076267BB5DC}.Release|iPhoneSimulator.Build.0 = Release|Any CPU
		{5F02212C-95CB-42A3-850F-C076267BB5DC}.Release|x64.ActiveCfg = Release|Any CPU
		{5F02212C-95CB-42A3-850F-C076267BB5DC}.Release|x64.Build.0 = Release|Any CPU
		{5F02212C-95CB-42A3-850F-C076267BB5DC}.Release|x86.ActiveCfg = Release|Any CPU
		{5F02212C-95CB-42A3-850F-C076267BB5DC}.Release|x86.Build.0 = Release|Any CPU
		{EEF8A375-D304-48D1-BF66-29A442C708A1}.Debug|Any CPU.ActiveCfg = Debug|Any CPU
		{EEF8A375-D304-48D1-BF66-29A442C708A1}.Debug|Any CPU.Build.0 = Debug|Any CPU
		{EEF8A375-D304-48D1-BF66-29A442C708A1}.Debug|ARM.ActiveCfg = Debug|Any CPU
		{EEF8A375-D304-48D1-BF66-29A442C708A1}.Debug|ARM.Build.0 = Debug|Any CPU
		{EEF8A375-D304-48D1-BF66-29A442C708A1}.Debug|iPhone.ActiveCfg = Debug|Any CPU
		{EEF8A375-D304-48D1-BF66-29A442C708A1}.Debug|iPhone.Build.0 = Debug|Any CPU
		{EEF8A375-D304-48D1-BF66-29A442C708A1}.Debug|iPhoneSimulator.ActiveCfg = Debug|Any CPU
		{EEF8A375-D304-48D1-BF66-29A442C708A1}.Debug|iPhoneSimulator.Build.0 = Debug|Any CPU
		{EEF8A375-D304-48D1-BF66-29A442C708A1}.Debug|x64.ActiveCfg = Debug|Any CPU
		{EEF8A375-D304-48D1-BF66-29A442C708A1}.Debug|x64.Build.0 = Debug|Any CPU
		{EEF8A375-D304-48D1-BF66-29A442C708A1}.Debug|x86.ActiveCfg = Debug|Any CPU
		{EEF8A375-D304-48D1-BF66-29A442C708A1}.Debug|x86.Build.0 = Debug|Any CPU
		{EEF8A375-D304-48D1-BF66-29A442C708A1}.Release|Any CPU.ActiveCfg = Release|Any CPU
		{EEF8A375-D304-48D1-BF66-29A442C708A1}.Release|Any CPU.Build.0 = Release|Any CPU
		{EEF8A375-D304-48D1-BF66-29A442C708A1}.Release|ARM.ActiveCfg = Release|Any CPU
		{EEF8A375-D304-48D1-BF66-29A442C708A1}.Release|ARM.Build.0 = Release|Any CPU
		{EEF8A375-D304-48D1-BF66-29A442C708A1}.Release|iPhone.ActiveCfg = Release|Any CPU
		{EEF8A375-D304-48D1-BF66-29A442C708A1}.Release|iPhone.Build.0 = Release|Any CPU
		{EEF8A375-D304-48D1-BF66-29A442C708A1}.Release|iPhoneSimulator.ActiveCfg = Release|Any CPU
		{EEF8A375-D304-48D1-BF66-29A442C708A1}.Release|iPhoneSimulator.Build.0 = Release|Any CPU
		{EEF8A375-D304-48D1-BF66-29A442C708A1}.Release|x64.ActiveCfg = Release|Any CPU
		{EEF8A375-D304-48D1-BF66-29A442C708A1}.Release|x64.Build.0 = Release|Any CPU
		{EEF8A375-D304-48D1-BF66-29A442C708A1}.Release|x86.ActiveCfg = Release|Any CPU
		{EEF8A375-D304-48D1-BF66-29A442C708A1}.Release|x86.Build.0 = Release|Any CPU
		{AA7A5988-D1BB-4FF1-8CCF-FF123A3A37DC}.Debug|Any CPU.ActiveCfg = Debug|Any CPU
		{AA7A5988-D1BB-4FF1-8CCF-FF123A3A37DC}.Debug|Any CPU.Build.0 = Debug|Any CPU
		{AA7A5988-D1BB-4FF1-8CCF-FF123A3A37DC}.Debug|Any CPU.Deploy.0 = Debug|Any CPU
		{AA7A5988-D1BB-4FF1-8CCF-FF123A3A37DC}.Debug|ARM.ActiveCfg = Debug|Any CPU
		{AA7A5988-D1BB-4FF1-8CCF-FF123A3A37DC}.Debug|ARM.Build.0 = Debug|Any CPU
		{AA7A5988-D1BB-4FF1-8CCF-FF123A3A37DC}.Debug|ARM.Deploy.0 = Debug|Any CPU
		{AA7A5988-D1BB-4FF1-8CCF-FF123A3A37DC}.Debug|iPhone.ActiveCfg = Debug|Any CPU
		{AA7A5988-D1BB-4FF1-8CCF-FF123A3A37DC}.Debug|iPhone.Build.0 = Debug|Any CPU
		{AA7A5988-D1BB-4FF1-8CCF-FF123A3A37DC}.Debug|iPhone.Deploy.0 = Debug|Any CPU
		{AA7A5988-D1BB-4FF1-8CCF-FF123A3A37DC}.Debug|iPhoneSimulator.ActiveCfg = Debug|Any CPU
		{AA7A5988-D1BB-4FF1-8CCF-FF123A3A37DC}.Debug|iPhoneSimulator.Build.0 = Debug|Any CPU
		{AA7A5988-D1BB-4FF1-8CCF-FF123A3A37DC}.Debug|iPhoneSimulator.Deploy.0 = Debug|Any CPU
		{AA7A5988-D1BB-4FF1-8CCF-FF123A3A37DC}.Debug|x64.ActiveCfg = Debug|Any CPU
		{AA7A5988-D1BB-4FF1-8CCF-FF123A3A37DC}.Debug|x64.Build.0 = Debug|Any CPU
		{AA7A5988-D1BB-4FF1-8CCF-FF123A3A37DC}.Debug|x64.Deploy.0 = Debug|Any CPU
		{AA7A5988-D1BB-4FF1-8CCF-FF123A3A37DC}.Debug|x86.ActiveCfg = Debug|Any CPU
		{AA7A5988-D1BB-4FF1-8CCF-FF123A3A37DC}.Debug|x86.Build.0 = Debug|Any CPU
		{AA7A5988-D1BB-4FF1-8CCF-FF123A3A37DC}.Debug|x86.Deploy.0 = Debug|Any CPU
		{AA7A5988-D1BB-4FF1-8CCF-FF123A3A37DC}.Release|Any CPU.ActiveCfg = Release|Any CPU
		{AA7A5988-D1BB-4FF1-8CCF-FF123A3A37DC}.Release|Any CPU.Build.0 = Release|Any CPU
		{AA7A5988-D1BB-4FF1-8CCF-FF123A3A37DC}.Release|Any CPU.Deploy.0 = Release|Any CPU
		{AA7A5988-D1BB-4FF1-8CCF-FF123A3A37DC}.Release|ARM.ActiveCfg = Release|Any CPU
		{AA7A5988-D1BB-4FF1-8CCF-FF123A3A37DC}.Release|ARM.Build.0 = Release|Any CPU
		{AA7A5988-D1BB-4FF1-8CCF-FF123A3A37DC}.Release|ARM.Deploy.0 = Release|Any CPU
		{AA7A5988-D1BB-4FF1-8CCF-FF123A3A37DC}.Release|iPhone.ActiveCfg = Release|Any CPU
		{AA7A5988-D1BB-4FF1-8CCF-FF123A3A37DC}.Release|iPhone.Build.0 = Release|Any CPU
		{AA7A5988-D1BB-4FF1-8CCF-FF123A3A37DC}.Release|iPhone.Deploy.0 = Release|Any CPU
		{AA7A5988-D1BB-4FF1-8CCF-FF123A3A37DC}.Release|iPhoneSimulator.ActiveCfg = Release|Any CPU
		{AA7A5988-D1BB-4FF1-8CCF-FF123A3A37DC}.Release|iPhoneSimulator.Build.0 = Release|Any CPU
		{AA7A5988-D1BB-4FF1-8CCF-FF123A3A37DC}.Release|iPhoneSimulator.Deploy.0 = Release|Any CPU
		{AA7A5988-D1BB-4FF1-8CCF-FF123A3A37DC}.Release|x64.ActiveCfg = Release|Any CPU
		{AA7A5988-D1BB-4FF1-8CCF-FF123A3A37DC}.Release|x64.Build.0 = Release|Any CPU
		{AA7A5988-D1BB-4FF1-8CCF-FF123A3A37DC}.Release|x64.Deploy.0 = Release|Any CPU
		{AA7A5988-D1BB-4FF1-8CCF-FF123A3A37DC}.Release|x86.ActiveCfg = Release|Any CPU
		{AA7A5988-D1BB-4FF1-8CCF-FF123A3A37DC}.Release|x86.Build.0 = Release|Any CPU
		{AA7A5988-D1BB-4FF1-8CCF-FF123A3A37DC}.Release|x86.Deploy.0 = Release|Any CPU
		{0F52687A-ADCB-47BF-B8C8-062F26CFD6ED}.Debug|Any CPU.ActiveCfg = Debug|iPhone
		{0F52687A-ADCB-47BF-B8C8-062F26CFD6ED}.Debug|ARM.ActiveCfg = Debug|iPhone
		{0F52687A-ADCB-47BF-B8C8-062F26CFD6ED}.Debug|iPhone.ActiveCfg = Debug|iPhone
		{0F52687A-ADCB-47BF-B8C8-062F26CFD6ED}.Debug|iPhone.Build.0 = Debug|iPhone
		{0F52687A-ADCB-47BF-B8C8-062F26CFD6ED}.Debug|iPhoneSimulator.ActiveCfg = Debug|iPhoneSimulator
		{0F52687A-ADCB-47BF-B8C8-062F26CFD6ED}.Debug|iPhoneSimulator.Build.0 = Debug|iPhoneSimulator
		{0F52687A-ADCB-47BF-B8C8-062F26CFD6ED}.Debug|x64.ActiveCfg = Debug|iPhone
		{0F52687A-ADCB-47BF-B8C8-062F26CFD6ED}.Debug|x86.ActiveCfg = Debug|iPhone
		{0F52687A-ADCB-47BF-B8C8-062F26CFD6ED}.Release|Any CPU.ActiveCfg = Release|iPhone
		{0F52687A-ADCB-47BF-B8C8-062F26CFD6ED}.Release|ARM.ActiveCfg = Release|iPhone
		{0F52687A-ADCB-47BF-B8C8-062F26CFD6ED}.Release|iPhone.ActiveCfg = Release|iPhone
		{0F52687A-ADCB-47BF-B8C8-062F26CFD6ED}.Release|iPhone.Build.0 = Release|iPhone
		{0F52687A-ADCB-47BF-B8C8-062F26CFD6ED}.Release|iPhoneSimulator.ActiveCfg = Release|iPhoneSimulator
		{0F52687A-ADCB-47BF-B8C8-062F26CFD6ED}.Release|iPhoneSimulator.Build.0 = Release|iPhoneSimulator
		{0F52687A-ADCB-47BF-B8C8-062F26CFD6ED}.Release|x64.ActiveCfg = Release|iPhone
		{0F52687A-ADCB-47BF-B8C8-062F26CFD6ED}.Release|x86.ActiveCfg = Release|iPhone
		{BA76B9D3-757A-46F9-9913-A46C47CA8EB3}.Debug|Any CPU.ActiveCfg = Debug|Any CPU
		{BA76B9D3-757A-46F9-9913-A46C47CA8EB3}.Debug|Any CPU.Build.0 = Debug|Any CPU
		{BA76B9D3-757A-46F9-9913-A46C47CA8EB3}.Debug|ARM.ActiveCfg = Debug|Any CPU
		{BA76B9D3-757A-46F9-9913-A46C47CA8EB3}.Debug|ARM.Build.0 = Debug|Any CPU
		{BA76B9D3-757A-46F9-9913-A46C47CA8EB3}.Debug|iPhone.ActiveCfg = Debug|Any CPU
		{BA76B9D3-757A-46F9-9913-A46C47CA8EB3}.Debug|iPhone.Build.0 = Debug|Any CPU
		{BA76B9D3-757A-46F9-9913-A46C47CA8EB3}.Debug|iPhoneSimulator.ActiveCfg = Debug|Any CPU
		{BA76B9D3-757A-46F9-9913-A46C47CA8EB3}.Debug|iPhoneSimulator.Build.0 = Debug|Any CPU
		{BA76B9D3-757A-46F9-9913-A46C47CA8EB3}.Debug|x64.ActiveCfg = Debug|Any CPU
		{BA76B9D3-757A-46F9-9913-A46C47CA8EB3}.Debug|x64.Build.0 = Debug|Any CPU
		{BA76B9D3-757A-46F9-9913-A46C47CA8EB3}.Debug|x86.ActiveCfg = Debug|Any CPU
		{BA76B9D3-757A-46F9-9913-A46C47CA8EB3}.Debug|x86.Build.0 = Debug|Any CPU
		{BA76B9D3-757A-46F9-9913-A46C47CA8EB3}.Release|Any CPU.ActiveCfg = Release|Any CPU
		{BA76B9D3-757A-46F9-9913-A46C47CA8EB3}.Release|Any CPU.Build.0 = Release|Any CPU
		{BA76B9D3-757A-46F9-9913-A46C47CA8EB3}.Release|ARM.ActiveCfg = Release|Any CPU
		{BA76B9D3-757A-46F9-9913-A46C47CA8EB3}.Release|ARM.Build.0 = Release|Any CPU
		{BA76B9D3-757A-46F9-9913-A46C47CA8EB3}.Release|iPhone.ActiveCfg = Release|Any CPU
		{BA76B9D3-757A-46F9-9913-A46C47CA8EB3}.Release|iPhone.Build.0 = Release|Any CPU
		{BA76B9D3-757A-46F9-9913-A46C47CA8EB3}.Release|iPhoneSimulator.ActiveCfg = Release|Any CPU
		{BA76B9D3-757A-46F9-9913-A46C47CA8EB3}.Release|iPhoneSimulator.Build.0 = Release|Any CPU
		{BA76B9D3-757A-46F9-9913-A46C47CA8EB3}.Release|x64.ActiveCfg = Release|Any CPU
		{BA76B9D3-757A-46F9-9913-A46C47CA8EB3}.Release|x64.Build.0 = Release|Any CPU
		{BA76B9D3-757A-46F9-9913-A46C47CA8EB3}.Release|x86.ActiveCfg = Release|Any CPU
		{BA76B9D3-757A-46F9-9913-A46C47CA8EB3}.Release|x86.Build.0 = Release|Any CPU
	EndGlobalSection
	GlobalSection(SolutionProperties) = preSolution
		HideSolutionNode = FALSE
	EndGlobalSection
	GlobalSection(NestedProjects) = preSolution
		{8657B9BF-9D8E-4D3A-A5B2-23E9C0161909} = {4FF9B02F-4870-4B6E-B075-BE1D0C3976A1}
		{18125022-45E6-46EC-855C-B36E4D41484D} = {4FF9B02F-4870-4B6E-B075-BE1D0C3976A1}
		{4E28FCDE-60F6-45AE-B444-701D5F30BEFF} = {4FF9B02F-4870-4B6E-B075-BE1D0C3976A1}
		{5F02212C-95CB-42A3-850F-C076267BB5DC} = {4FF9B02F-4870-4B6E-B075-BE1D0C3976A1}
		{EEF8A375-D304-48D1-BF66-29A442C708A1} = {3D966807-08D2-47A6-94C2-93B0A8AF2ECE}
		{AA7A5988-D1BB-4FF1-8CCF-FF123A3A37DC} = {4153EC74-8FE1-4BEF-9286-583F1BA5B2D0}
		{0F52687A-ADCB-47BF-B8C8-062F26CFD6ED} = {4153EC74-8FE1-4BEF-9286-583F1BA5B2D0}
		{BA76B9D3-757A-46F9-9913-A46C47CA8EB3} = {4153EC74-8FE1-4BEF-9286-583F1BA5B2D0}
	EndGlobalSection
	GlobalSection(ExtensibilityGlobals) = postSolution
		SolutionGuid = {BCCD19D6-0567-4462-A494-5848BD95715F}
	EndGlobalSection
EndGlobal
